
Microsoft Visual Studio Solution File, Format Version 12.00
# Visual Studio Version 17
VisualStudioVersion = 17.5.33516.290
MinimumVisualStudioVersion = 10.0.40219.1
Project("{FAE04EC0-301F-11D3-BF4B-00C04F79EFBC}") = "ImagenesWFCS", "ImagenesWFCS\ImagenesWFCS.csproj", "{388DF95D-00FA-4293-87E0-074F5A716A09}"
EndProject
Global
	GlobalSection(SolutionConfigurationPlatforms) = preSolution
		Debug|Any CPU = Debug|Any CPU
		Release|Any CPU = Release|Any CPU
	EndGlobalSection
	GlobalSection(ProjectConfigurationPlatforms) = postSolution
		{388DF95D-00FA-4293-87E0-074F5A716A09}.Debug|Any CPU.ActiveCfg = Debug|Any CPU
		{388DF95D-00FA-4293-87E0-074F5A716A09}.Debug|Any CPU.Build.0 = Debug|Any CPU
		{388DF95D-00FA-4293-87E0-074F5A716A09}.Release|Any CPU.ActiveCfg = Release|Any CPU
		{388DF95D-00FA-4293-87E0-074F5A716A09}.Release|Any CPU.Build.0 = Release|Any CPU
	EndGlobalSection
	GlobalSection(SolutionProperties) = preSolution
		HideSolutionNode = FALSE
	EndGlobalSection
	GlobalSection(ExtensibilityGlobals) = postSolution
		SolutionGuid = {FB1EEC62-8E1F-46EC-BF63-C853C38A76C2}
	EndGlobalSection
EndGlobal
